
Microsoft Visual Studio Solution File, Format Version 12.00
# Visual Studio Version 17
VisualStudioVersion = 17.9.34701.34
MinimumVisualStudioVersion = 10.0.40219.1
Project("{FAE04EC0-301F-11D3-BF4B-00C04F79EFBC}") = "QBUtils.Web", "QBUtils.Web\QBUtils.Web.csproj", "{8FDBF3F6-47FA-4E63-BB61-EAAFCCD7653A}"
EndProject
Project("{FAE04EC0-301F-11D3-BF4B-00C04F79EFBC}") = "QBUtils.Data", "QBUtils.Data\QBUtils.Data.csproj", "{61F487D8-960F-4B57-B40D-E3AD9BC0625B}"
EndProject
Global
	GlobalSection(SolutionConfigurationPlatforms) = preSolution
		Debug|Any CPU = Debug|Any CPU
		Release|Any CPU = Release|Any CPU
	EndGlobalSection
	GlobalSection(ProjectConfigurationPlatforms) = postSolution
		{8FDBF3F6-47FA-4E63-BB61-EAAFCCD7653A}.Debug|Any CPU.ActiveCfg = Debug|Any CPU
		{8FDBF3F6-47FA-4E63-BB61-EAAFCCD7653A}.Debug|Any CPU.Build.0 = Debug|Any CPU
		{8FDBF3F6-47FA-4E63-BB61-EAAFCCD7653A}.Release|Any CPU.ActiveCfg = Release|Any CPU
		{8FDBF3F6-47FA-4E63-BB61-EAAFCCD7653A}.Release|Any CPU.Build.0 = Release|Any CPU
		{61F487D8-960F-4B57-B40D-E3AD9BC0625B}.Debug|Any CPU.ActiveCfg = Debug|Any CPU
		{61F487D8-960F-4B57-B40D-E3AD9BC0625B}.Debug|Any CPU.Build.0 = Debug|Any CPU
		{61F487D8-960F-4B57-B40D-E3AD9BC0625B}.Release|Any CPU.ActiveCfg = Release|Any CPU
		{61F487D8-960F-4B57-B40D-E3AD9BC0625B}.Release|Any CPU.Build.0 = Release|Any CPU
	EndGlobalSection
	GlobalSection(SolutionProperties) = preSolution
		HideSolutionNode = FALSE
	EndGlobalSection
	GlobalSection(ExtensibilityGlobals) = postSolution
		SolutionGuid = {EB89C3C5-25F7-4294-9935-36362F1744BE}
	EndGlobalSection
EndGlobal
